// !$*UTF8*$!
{
	archiveVersion = 1;
	classes = {
	};
	objectVersion = 55;
	objects = {

/* Begin PBXBuildFile section */
		AD6BE934271E59D10011D6A5 /* AppDelegate.swift in Sources */ = {isa = PBXBuildFile; fileRef = AD6BE933271E59D10011D6A5 /* AppDelegate.swift */; };
		AD6BE936271E59D10011D6A5 /* SceneDelegate.swift in Sources */ = {isa = PBXBuildFile; fileRef = AD6BE935271E59D10011D6A5 /* SceneDelegate.swift */; };
		AD6BE938271E59D10011D6A5 /* HomeViewController.swift in Sources */ = {isa = PBXBuildFile; fileRef = AD6BE937271E59D10011D6A5 /* HomeViewController.swift */; };
		AD6BE93B271E59D10011D6A5 /* Main.storyboard in Resources */ = {isa = PBXBuildFile; fileRef = AD6BE939271E59D10011D6A5 /* Main.storyboard */; };
		AD6BE93D271E59D40011D6A5 /* Assets.xcassets in Resources */ = {isa = PBXBuildFile; fileRef = AD6BE93C271E59D40011D6A5 /* Assets.xcassets */; };
		AD6BE940271E59D40011D6A5 /* LaunchScreen.storyboard in Resources */ = {isa = PBXBuildFile; fileRef = AD6BE93E271E59D40011D6A5 /* LaunchScreen.storyboard */; };
		AD6BE94E271E5ED80011D6A5 /* TabBarViewController.swift in Sources */ = {isa = PBXBuildFile; fileRef = AD6BE94D271E5ED80011D6A5 /* TabBarViewController.swift */; };
		AD6BE950271E5F3D0011D6A5 /* SearchViewController.swift in Sources */ = {isa = PBXBuildFile; fileRef = AD6BE94F271E5F3D0011D6A5 /* SearchViewController.swift */; };
		AD6BE952271E5F560011D6A5 /* LibraryViewController.swift in Sources */ = {isa = PBXBuildFile; fileRef = AD6BE951271E5F560011D6A5 /* LibraryViewController.swift */; };
		AD6BE956271E5FEB0011D6A5 /* AuthViewController.swift in Sources */ = {isa = PBXBuildFile; fileRef = AD6BE955271E5FEB0011D6A5 /* AuthViewController.swift */; };
		AD6BE958271E60000011D6A5 /* WelcomeViewController.swift in Sources */ = {isa = PBXBuildFile; fileRef = AD6BE957271E60000011D6A5 /* WelcomeViewController.swift */; };
		AD6BE95A271E601A0011D6A5 /* SettingsViewController.swift in Sources */ = {isa = PBXBuildFile; fileRef = AD6BE959271E601A0011D6A5 /* SettingsViewController.swift */; };
		AD6BE95C271E60320011D6A5 /* ProfileViewController.swift in Sources */ = {isa = PBXBuildFile; fileRef = AD6BE95B271E60320011D6A5 /* ProfileViewController.swift */; };
		AD6BE95E271E60450011D6A5 /* PlayerViewController.swift in Sources */ = {isa = PBXBuildFile; fileRef = AD6BE95D271E60450011D6A5 /* PlayerViewController.swift */; };
		AD6BE960271E605C0011D6A5 /* PlaylistViewController.swift in Sources */ = {isa = PBXBuildFile; fileRef = AD6BE95F271E605C0011D6A5 /* PlaylistViewController.swift */; };
		AD6BE962271E607D0011D6A5 /* SearchResultsViewController.swift in Sources */ = {isa = PBXBuildFile; fileRef = AD6BE961271E607D0011D6A5 /* SearchResultsViewController.swift */; };
		AD6BE964271E60DB0011D6A5 /* AuthManager.swift in Sources */ = {isa = PBXBuildFile; fileRef = AD6BE963271E60DB0011D6A5 /* AuthManager.swift */; };
		AD6BE966271E60F30011D6A5 /* APICaller.swift in Sources */ = {isa = PBXBuildFile; fileRef = AD6BE965271E60F30011D6A5 /* APICaller.swift */; };
		AD6BE968271E612F0011D6A5 /* HapticsManager.swift in Sources */ = {isa = PBXBuildFile; fileRef = AD6BE967271E612F0011D6A5 /* HapticsManager.swift */; };
/* End PBXBuildFile section */

/* Begin PBXFileReference section */
		AD6BE930271E59D10011D6A5 /* SB-Spotify.app */ = {isa = PBXFileReference; explicitFileType = wrapper.application; includeInIndex = 0; path = "SB-Spotify.app"; sourceTree = BUILT_PRODUCTS_DIR; };
		AD6BE933271E59D10011D6A5 /* AppDelegate.swift */ = {isa = PBXFileReference; lastKnownFileType = sourcecode.swift; path = AppDelegate.swift; sourceTree = "<group>"; };
		AD6BE935271E59D10011D6A5 /* SceneDelegate.swift */ = {isa = PBXFileReference; lastKnownFileType = sourcecode.swift; path = SceneDelegate.swift; sourceTree = "<group>"; };
		AD6BE937271E59D10011D6A5 /* HomeViewController.swift */ = {isa = PBXFileReference; lastKnownFileType = sourcecode.swift; path = HomeViewController.swift; sourceTree = "<group>"; };
		AD6BE93A271E59D10011D6A5 /* Base */ = {isa = PBXFileReference; lastKnownFileType = file.storyboard; name = Base; path = Base.lproj/Main.storyboard; sourceTree = "<group>"; };
		AD6BE93C271E59D40011D6A5 /* Assets.xcassets */ = {isa = PBXFileReference; lastKnownFileType = folder.assetcatalog; path = Assets.xcassets; sourceTree = "<group>"; };
		AD6BE93F271E59D40011D6A5 /* Base */ = {isa = PBXFileReference; lastKnownFileType = file.storyboard; name = Base; path = Base.lproj/LaunchScreen.storyboard; sourceTree = "<group>"; };
		AD6BE941271E59D40011D6A5 /* Info.plist */ = {isa = PBXFileReference; lastKnownFileType = text.plist.xml; path = Info.plist; sourceTree = "<group>"; };
		AD6BE94D271E5ED80011D6A5 /* TabBarViewController.swift */ = {isa = PBXFileReference; lastKnownFileType = sourcecode.swift; path = TabBarViewController.swift; sourceTree = "<group>"; };
		AD6BE94F271E5F3D0011D6A5 /* SearchViewController.swift */ = {isa = PBXFileReference; lastKnownFileType = sourcecode.swift; path = SearchViewController.swift; sourceTree = "<group>"; };
		AD6BE951271E5F560011D6A5 /* LibraryViewController.swift */ = {isa = PBXFileReference; lastKnownFileType = sourcecode.swift; path = LibraryViewController.swift; sourceTree = "<group>"; };
		AD6BE955271E5FEB0011D6A5 /* AuthViewController.swift */ = {isa = PBXFileReference; lastKnownFileType = sourcecode.swift; path = AuthViewController.swift; sourceTree = "<group>"; };
		AD6BE957271E60000011D6A5 /* WelcomeViewController.swift */ = {isa = PBXFileReference; lastKnownFileType = sourcecode.swift; path = WelcomeViewController.swift; sourceTree = "<group>"; };
		AD6BE959271E601A0011D6A5 /* SettingsViewController.swift */ = {isa = PBXFileReference; lastKnownFileType = sourcecode.swift; path = SettingsViewController.swift; sourceTree = "<group>"; };
		AD6BE95B271E60320011D6A5 /* ProfileViewController.swift */ = {isa = PBXFileReference; lastKnownFileType = sourcecode.swift; path = ProfileViewController.swift; sourceTree = "<group>"; };
		AD6BE95D271E60450011D6A5 /* PlayerViewController.swift */ = {isa = PBXFileReference; lastKnownFileType = sourcecode.swift; path = PlayerViewController.swift; sourceTree = "<group>"; };
		AD6BE95F271E605C0011D6A5 /* PlaylistViewController.swift */ = {isa = PBXFileReference; lastKnownFileType = sourcecode.swift; path = PlaylistViewController.swift; sourceTree = "<group>"; };
		AD6BE961271E607D0011D6A5 /* SearchResultsViewController.swift */ = {isa = PBXFileReference; lastKnownFileType = sourcecode.swift; path = SearchResultsViewController.swift; sourceTree = "<group>"; };
		AD6BE963271E60DB0011D6A5 /* AuthManager.swift */ = {isa = PBXFileReference; lastKnownFileType = sourcecode.swift; path = AuthManager.swift; sourceTree = "<group>"; };
		AD6BE965271E60F30011D6A5 /* APICaller.swift */ = {isa = PBXFileReference; lastKnownFileType = sourcecode.swift; path = APICaller.swift; sourceTree = "<group>"; };
		AD6BE967271E612F0011D6A5 /* HapticsManager.swift */ = {isa = PBXFileReference; lastKnownFileType = sourcecode.swift; path = HapticsManager.swift; sourceTree = "<group>"; };
/* End PBXFileReference section */

/* Begin PBXFrameworksBuildPhase section */
		AD6BE92D271E59D10011D6A5 /* Frameworks */ = {
			isa = PBXFrameworksBuildPhase;
			buildActionMask = 2147483647;
			files = (
			);
			runOnlyForDeploymentPostprocessing = 0;
		};
/* End PBXFrameworksBuildPhase section */

/* Begin PBXGroup section */
		AD6BE927271E59D10011D6A5 = {
			isa = PBXGroup;
			children = (
				AD6BE932271E59D10011D6A5 /* SB-Spotify */,
				AD6BE931271E59D10011D6A5 /* Products */,
			);
			sourceTree = "<group>";
		};
		AD6BE931271E59D10011D6A5 /* Products */ = {
			isa = PBXGroup;
			children = (
				AD6BE930271E59D10011D6A5 /* SB-Spotify.app */,
			);
			name = Products;
			sourceTree = "<group>";
		};
		AD6BE932271E59D10011D6A5 /* SB-Spotify */ = {
			isa = PBXGroup;
			children = (
				AD6BE94C271E5A920011D6A5 /* Resources */,
				AD6BE94B271E5A8B0011D6A5 /* Managers */,
				AD6BE94A271E5A830011D6A5 /* ViewModels */,
				AD6BE949271E5A7F0011D6A5 /* Models */,
				AD6BE948271E5A7A0011D6A5 /* Views */,
				AD6BE947271E5A6E0011D6A5 /* Controllers */,
				AD6BE941271E59D40011D6A5 /* Info.plist */,
			);
			path = "SB-Spotify";
			sourceTree = "<group>";
		};
		AD6BE947271E5A6E0011D6A5 /* Controllers */ = {
			isa = PBXGroup;
			children = (
				AD6BE954271E5FDA0011D6A5 /* Other */,
				AD6BE953271E5F740011D6A5 /* Core */,
			);
			path = Controllers;
			sourceTree = "<group>";
		};
		AD6BE948271E5A7A0011D6A5 /* Views */ = {
			isa = PBXGroup;
			children = (
				AD6BE939271E59D10011D6A5 /* Main.storyboard */,
				AD6BE93E271E59D40011D6A5 /* LaunchScreen.storyboard */,
			);
			path = Views;
			sourceTree = "<group>";
		};
		AD6BE949271E5A7F0011D6A5 /* Models */ = {
			isa = PBXGroup;
			children = (
			);
			path = Models;
			sourceTree = "<group>";
		};
		AD6BE94A271E5A830011D6A5 /* ViewModels */ = {
			isa = PBXGroup;
			children = (
			);
			path = ViewModels;
			sourceTree = "<group>";
		};
		AD6BE94B271E5A8B0011D6A5 /* Managers */ = {
			isa = PBXGroup;
			children = (
				AD6BE963271E60DB0011D6A5 /* AuthManager.swift */,
				AD6BE965271E60F30011D6A5 /* APICaller.swift */,
				AD6BE967271E612F0011D6A5 /* HapticsManager.swift */,
			);
			path = Managers;
			sourceTree = "<group>";
		};
		AD6BE94C271E5A920011D6A5 /* Resources */ = {
			isa = PBXGroup;
			children = (
				AD6BE93C271E59D40011D6A5 /* Assets.xcassets */,
				AD6BE933271E59D10011D6A5 /* AppDelegate.swift */,
				AD6BE935271E59D10011D6A5 /* SceneDelegate.swift */,
			);
			path = Resources;
			sourceTree = "<group>";
		};
		AD6BE953271E5F740011D6A5 /* Core */ = {
			isa = PBXGroup;
			children = (
				AD6BE937271E59D10011D6A5 /* HomeViewController.swift */,
				AD6BE94D271E5ED80011D6A5 /* TabBarViewController.swift */,
				AD6BE94F271E5F3D0011D6A5 /* SearchViewController.swift */,
				AD6BE951271E5F560011D6A5 /* LibraryViewController.swift */,
			);
			path = Core;
			sourceTree = "<group>";
		};
		AD6BE954271E5FDA0011D6A5 /* Other */ = {
			isa = PBXGroup;
			children = (
				AD6BE955271E5FEB0011D6A5 /* AuthViewController.swift */,
				AD6BE957271E60000011D6A5 /* WelcomeViewController.swift */,
				AD6BE959271E601A0011D6A5 /* SettingsViewController.swift */,
				AD6BE95B271E60320011D6A5 /* ProfileViewController.swift */,
				AD6BE95D271E60450011D6A5 /* PlayerViewController.swift */,
				AD6BE95F271E605C0011D6A5 /* PlaylistViewController.swift */,
				AD6BE961271E607D0011D6A5 /* SearchResultsViewController.swift */,
			);
			path = Other;
			sourceTree = "<group>";
		};
/* End PBXGroup section */

/* Begin PBXNativeTarget section */
		AD6BE92F271E59D10011D6A5 /* SB-Spotify */ = {
			isa = PBXNativeTarget;
			buildConfigurationList = AD6BE944271E59D40011D6A5 /* Build configuration list for PBXNativeTarget "SB-Spotify" */;
			buildPhases = (
				AD6BE92C271E59D10011D6A5 /* Sources */,
				AD6BE92D271E59D10011D6A5 /* Frameworks */,
				AD6BE92E271E59D10011D6A5 /* Resources */,
			);
			buildRules = (
			);
			dependencies = (
			);
			name = "SB-Spotify";
			productName = "SB-Spotify";
			productReference = AD6BE930271E59D10011D6A5 /* SB-Spotify.app */;
			productType = "com.apple.product-type.application";
		};
/* End PBXNativeTarget section */

/* Begin PBXProject section */
		AD6BE928271E59D10011D6A5 /* Project object */ = {
			isa = PBXProject;
			attributes = {
				BuildIndependentTargetsInParallel = 1;
				LastSwiftUpdateCheck = 1300;
				LastUpgradeCheck = 1300;
				TargetAttributes = {
					AD6BE92F271E59D10011D6A5 = {
						CreatedOnToolsVersion = 13.0;
					};
				};
			};
			buildConfigurationList = AD6BE92B271E59D10011D6A5 /* Build configuration list for PBXProject "SB-Spotify" */;
			compatibilityVersion = "Xcode 13.0";
			developmentRegion = en;
			hasScannedForEncodings = 0;
			knownRegions = (
				en,
				Base,
			);
			mainGroup = AD6BE927271E59D10011D6A5;
			productRefGroup = AD6BE931271E59D10011D6A5 /* Products */;
			projectDirPath = "";
			projectRoot = "";
			targets = (
				AD6BE92F271E59D10011D6A5 /* SB-Spotify */,
			);
		};
/* End PBXProject section */

/* Begin PBXResourcesBuildPhase section */
		AD6BE92E271E59D10011D6A5 /* Resources */ = {
			isa = PBXResourcesBuildPhase;
			buildActionMask = 2147483647;
			files = (
				AD6BE940271E59D40011D6A5 /* LaunchScreen.storyboard in Resources */,
				AD6BE93D271E59D40011D6A5 /* Assets.xcassets in Resources */,
				AD6BE93B271E59D10011D6A5 /* Main.storyboard in Resources */,
			);
			runOnlyForDeploymentPostprocessing = 0;
		};
/* End PBXResourcesBuildPhase section */

/* Begin PBXSourcesBuildPhase section */
		AD6BE92C271E59D10011D6A5 /* Sources */ = {
			isa = PBXSourcesBuildPhase;
			buildActionMask = 2147483647;
			files = (
				AD6BE950271E5F3D0011D6A5 /* SearchViewController.swift in Sources */,
				AD6BE964271E60DB0011D6A5 /* AuthManager.swift in Sources */,
				AD6BE962271E607D0011D6A5 /* SearchResultsViewController.swift in Sources */,
				AD6BE958271E60000011D6A5 /* WelcomeViewController.swift in Sources */,
				AD6BE95C271E60320011D6A5 /* ProfileViewController.swift in Sources */,
				AD6BE94E271E5ED80011D6A5 /* TabBarViewController.swift in Sources */,
				AD6BE968271E612F0011D6A5 /* HapticsManager.swift in Sources */,
				AD6BE938271E59D10011D6A5 /* HomeViewController.swift in Sources */,
				AD6BE956271E5FEB0011D6A5 /* AuthViewController.swift in Sources */,
				AD6BE934271E59D10011D6A5 /* AppDelegate.swift in Sources */,
				AD6BE952271E5F560011D6A5 /* LibraryViewController.swift in Sources */,
				AD6BE960271E605C0011D6A5 /* PlaylistViewController.swift in Sources */,
				AD6BE936271E59D10011D6A5 /* SceneDelegate.swift in Sources */,
				AD6BE95E271E60450011D6A5 /* PlayerViewController.swift in Sources */,
				AD6BE966271E60F30011D6A5 /* APICaller.swift in Sources */,
				AD6BE95A271E601A0011D6A5 /* SettingsViewController.swift in Sources */,
			);
			runOnlyForDeploymentPostprocessing = 0;
		};
/* End PBXSourcesBuildPhase section */

/* Begin PBXVariantGroup section */
		AD6BE939271E59D10011D6A5 /* Main.storyboard */ = {
			isa = PBXVariantGroup;
			children = (
				AD6BE93A271E59D10011D6A5 /* Base */,
			);
			name = Main.storyboard;
			sourceTree = "<group>";
		};
		AD6BE93E271E59D40011D6A5 /* LaunchScreen.storyboard */ = {
			isa = PBXVariantGroup;
			children = (
				AD6BE93F271E59D40011D6A5 /* Base */,
			);
			name = LaunchScreen.storyboard;
			sourceTree = "<group>";
		};
/* End PBXVariantGroup section */

/* Begin XCBuildConfiguration section */
		AD6BE942271E59D40011D6A5 /* Debug */ = {
			isa = XCBuildConfiguration;
			buildSettings = {
				ALWAYS_SEARCH_USER_PATHS = NO;
				CLANG_ANALYZER_NONNULL = YES;
				CLANG_ANALYZER_NUMBER_OBJECT_CONVERSION = YES_AGGRESSIVE;
				CLANG_CXX_LANGUAGE_STANDARD = "gnu++17";
				CLANG_CXX_LIBRARY = "libc++";
				CLANG_ENABLE_MODULES = YES;
				CLANG_ENABLE_OBJC_ARC = YES;
				CLANG_ENABLE_OBJC_WEAK = YES;
				CLANG_WARN_BLOCK_CAPTURE_AUTORELEASING = YES;
				CLANG_WARN_BOOL_CONVERSION = YES;
				CLANG_WARN_COMMA = YES;
				CLANG_WARN_CONSTANT_CONVERSION = YES;
				CLANG_WARN_DEPRECATED_OBJC_IMPLEMENTATIONS = YES;
				CLANG_WARN_DIRECT_OBJC_ISA_USAGE = YES_ERROR;
				CLANG_WARN_DOCUMENTATION_COMMENTS = YES;
				CLANG_WARN_EMPTY_BODY = YES;
				CLANG_WARN_ENUM_CONVERSION = YES;
				CLANG_WARN_INFINITE_RECURSION = YES;
				CLANG_WARN_INT_CONVERSION = YES;
				CLANG_WARN_NON_LITERAL_NULL_CONVERSION = YES;
				CLANG_WARN_OBJC_IMPLICIT_RETAIN_SELF = YES;
				CLANG_WARN_OBJC_LITERAL_CONVERSION = YES;
				CLANG_WARN_OBJC_ROOT_CLASS = YES_ERROR;
				CLANG_WARN_QUOTED_INCLUDE_IN_FRAMEWORK_HEADER = YES;
				CLANG_WARN_RANGE_LOOP_ANALYSIS = YES;
				CLANG_WARN_STRICT_PROTOTYPES = YES;
				CLANG_WARN_SUSPICIOUS_MOVE = YES;
				CLANG_WARN_UNGUARDED_AVAILABILITY = YES_AGGRESSIVE;
				CLANG_WARN_UNREACHABLE_CODE = YES;
				CLANG_WARN__DUPLICATE_METHOD_MATCH = YES;
				COPY_PHASE_STRIP = NO;
				DEBUG_INFORMATION_FORMAT = dwarf;
				ENABLE_STRICT_OBJC_MSGSEND = YES;
				ENABLE_TESTABILITY = YES;
				GCC_C_LANGUAGE_STANDARD = gnu11;
				GCC_DYNAMIC_NO_PIC = NO;
				GCC_NO_COMMON_BLOCKS = YES;
				GCC_OPTIMIZATION_LEVEL = 0;
				GCC_PREPROCESSOR_DEFINITIONS = (
					"DEBUG=1",
					"$(inherited)",
				);
				GCC_WARN_64_TO_32_BIT_CONVERSION = YES;
				GCC_WARN_ABOUT_RETURN_TYPE = YES_ERROR;
				GCC_WARN_UNDECLARED_SELECTOR = YES;
				GCC_WARN_UNINITIALIZED_AUTOS = YES_AGGRESSIVE;
				GCC_WARN_UNUSED_FUNCTION = YES;
				GCC_WARN_UNUSED_VARIABLE = YES;
				IPHONEOS_DEPLOYMENT_TARGET = 15.0;
				MTL_ENABLE_DEBUG_INFO = INCLUDE_SOURCE;
				MTL_FAST_MATH = YES;
				ONLY_ACTIVE_ARCH = YES;
				SDKROOT = iphoneos;
				SWIFT_ACTIVE_COMPILATION_CONDITIONS = DEBUG;
				SWIFT_OPTIMIZATION_LEVEL = "-Onone";
			};
			name = Debug;
		};
		AD6BE943271E59D40011D6A5 /* Release */ = {
			isa = XCBuildConfiguration;
			buildSettings = {
				ALWAYS_SEARCH_USER_PATHS = NO;
				CLANG_ANALYZER_NONNULL = YES;
				CLANG_ANALYZER_NUMBER_OBJECT_CONVERSION = YES_AGGRESSIVE;
				CLANG_CXX_LANGUAGE_STANDARD = "gnu++17";
				CLANG_CXX_LIBRARY = "libc++";
				CLANG_ENABLE_MODULES = YES;
				CLANG_ENABLE_OBJC_ARC = YES;
				CLANG_ENABLE_OBJC_WEAK = YES;
				CLANG_WARN_BLOCK_CAPTURE_AUTORELEASING = YES;
				CLANG_WARN_BOOL_CONVERSION = YES;
				CLANG_WARN_COMMA = YES;
				CLANG_WARN_CONSTANT_CONVERSION = YES;
				CLANG_WARN_DEPRECATED_OBJC_IMPLEMENTATIONS = YES;
				CLANG_WARN_DIRECT_OBJC_ISA_USAGE = YES_ERROR;
				CLANG_WARN_DOCUMENTATION_COMMENTS = YES;
				CLANG_WARN_EMPTY_BODY = YES;
				CLANG_WARN_ENUM_CONVERSION = YES;
				CLANG_WARN_INFINITE_RECURSION = YES;
				CLANG_WARN_INT_CONVERSION = YES;
				CLANG_WARN_NON_LITERAL_NULL_CONVERSION = YES;
				CLANG_WARN_OBJC_IMPLICIT_RETAIN_SELF = YES;
				CLANG_WARN_OBJC_LITERAL_CONVERSION = YES;
				CLANG_WARN_OBJC_ROOT_CLASS = YES_ERROR;
				CLANG_WARN_QUOTED_INCLUDE_IN_FRAMEWORK_HEADER = YES;
				CLANG_WARN_RANGE_LOOP_ANALYSIS = YES;
				CLANG_WARN_STRICT_PROTOTYPES = YES;
				CLANG_WARN_SUSPICIOUS_MOVE = YES;
				CLANG_WARN_UNGUARDED_AVAILABILITY = YES_AGGRESSIVE;
				CLANG_WARN_UNREACHABLE_CODE = YES;
				CLANG_WARN__DUPLICATE_METHOD_MATCH = YES;
				COPY_PHASE_STRIP = NO;
				DEBUG_INFORMATION_FORMAT = "dwarf-with-dsym";
				ENABLE_NS_ASSERTIONS = NO;
				ENABLE_STRICT_OBJC_MSGSEND = YES;
				GCC_C_LANGUAGE_STANDARD = gnu11;
				GCC_NO_COMMON_BLOCKS = YES;
				GCC_WARN_64_TO_32_BIT_CONVERSION = YES;
				GCC_WARN_ABOUT_RETURN_TYPE = YES_ERROR;
				GCC_WARN_UNDECLARED_SELECTOR = YES;
				GCC_WARN_UNINITIALIZED_AUTOS = YES_AGGRESSIVE;
				GCC_WARN_UNUSED_FUNCTION = YES;
				GCC_WARN_UNUSED_VARIABLE = YES;
				IPHONEOS_DEPLOYMENT_TARGET = 15.0;
				MTL_ENABLE_DEBUG_INFO = NO;
				MTL_FAST_MATH = YES;
				SDKROOT = iphoneos;
				SWIFT_COMPILATION_MODE = wholemodule;
				SWIFT_OPTIMIZATION_LEVEL = "-O";
				VALIDATE_PRODUCT = YES;
			};
			name = Release;
		};
		AD6BE945271E59D40011D6A5 /* Debug */ = {
			isa = XCBuildConfiguration;
			buildSettings = {
				ASSETCATALOG_COMPILER_APPICON_NAME = AppIcon;
				ASSETCATALOG_COMPILER_GLOBAL_ACCENT_COLOR_NAME = AccentColor;
				CODE_SIGN_STYLE = Automatic;
				CURRENT_PROJECT_VERSION = 1;
				GENERATE_INFOPLIST_FILE = YES;
				INFOPLIST_FILE = "SB-Spotify/Info.plist";
				INFOPLIST_KEY_UIApplicationSupportsIndirectInputEvents = YES;
				INFOPLIST_KEY_UILaunchStoryboardName = LaunchScreen;
				INFOPLIST_KEY_UIMainStoryboardFile = Main;
				INFOPLIST_KEY_UISupportedInterfaceOrientations_iPad = "UIInterfaceOrientationPortrait UIInterfaceOrientationPortraitUpsideDown UIInterfaceOrientationLandscapeLeft UIInterfaceOrientationLandscapeRight";
				INFOPLIST_KEY_UISupportedInterfaceOrientations_iPhone = "UIInterfaceOrientationPortrait UIInterfaceOrientationLandscapeLeft UIInterfaceOrientationLandscapeRight";
				IPHONEOS_DEPLOYMENT_TARGET = 14.4;
				LD_RUNPATH_SEARCH_PATHS = (
					"$(inherited)",
					"@executable_path/Frameworks",
				);
				MARKETING_VERSION = 1.0;
				PRODUCT_BUNDLE_IDENTIFIER = "com.tund.SB-Spotify";
				PRODUCT_NAME = "$(TARGET_NAME)";
				SWIFT_EMIT_LOC_STRINGS = YES;
				SWIFT_VERSION = 5.0;
				TARGETED_DEVICE_FAMILY = "1,2";
			};
			name = Debug;
		};
		AD6BE946271E59D40011D6A5 /* Release */ = {
			isa = XCBuildConfiguration;
			buildSettings = {
				ASSETCATALOG_COMPILER_APPICON_NAME = AppIcon;
				ASSETCATALOG_COMPILER_GLOBAL_ACCENT_COLOR_NAME = AccentColor;
				CODE_SIGN_STYLE = Automatic;
				CURRENT_PROJECT_VERSION = 1;
				GENERATE_INFOPLIST_FILE = YES;
				INFOPLIST_FILE = "SB-Spotify/Info.plist";
				INFOPLIST_KEY_UIApplicationSupportsIndirectInputEvents = YES;
				INFOPLIST_KEY_UILaunchStoryboardName = LaunchScreen;
				INFOPLIST_KEY_UIMainStoryboardFile = Main;
				INFOPLIST_KEY_UISupportedInterfaceOrientations_iPad = "UIInterfaceOrientationPortrait UIInterfaceOrientationPortraitUpsideDown UIInterfaceOrientationLandscapeLeft UIInterfaceOrientationLandscapeRight";
				INFOPLIST_KEY_UISupportedInterfaceOrientations_iPhone = "UIInterfaceOrientationPortrait UIInterfaceOrientationLandscapeLeft UIInterfaceOrientationLandscapeRight";
				IPHONEOS_DEPLOYMENT_TARGET = 14.4;
				LD_RUNPATH_SEARCH_PATHS = (
					"$(inherited)",
					"@executable_path/Frameworks",
				);
				MARKETING_VERSION = 1.0;
				PRODUCT_BUNDLE_IDENTIFIER = "com.tund.SB-Spotify";
				PRODUCT_NAME = "$(TARGET_NAME)";
				SWIFT_EMIT_LOC_STRINGS = YES;
				SWIFT_VERSION = 5.0;
				TARGETED_DEVICE_FAMILY = "1,2";
			};
			name = Release;
		};
/* End XCBuildConfiguration section */

/* Begin XCConfigurationList section */
		AD6BE92B271E59D10011D6A5 /* Build configuration list for PBXProject "SB-Spotify" */ = {
			isa = XCConfigurationList;
			buildConfigurations = (
				AD6BE942271E59D40011D6A5 /* Debug */,
				AD6BE943271E59D40011D6A5 /* Release */,
			);
			defaultConfigurationIsVisible = 0;
			defaultConfigurationName = Release;
		};
		AD6BE944271E59D40011D6A5 /* Build configuration list for PBXNativeTarget "SB-Spotify" */ = {
			isa = XCConfigurationList;
			buildConfigurations = (
				AD6BE945271E59D40011D6A5 /* Debug */,
				AD6BE946271E59D40011D6A5 /* Release */,
			);
			defaultConfigurationIsVisible = 0;
			defaultConfigurationName = Release;
		};
/* End XCConfigurationList section */
	};
	rootObject = AD6BE928271E59D10011D6A5 /* Project object */;
}
